
Microsoft Visual Studio Solution File, Format Version 12.00
# Visual Studio Version 16
VisualStudioVersion = 16.0.30204.135
MinimumVisualStudioVersion = 10.0.40219.1
Project("{FAE04EC0-301F-11D3-BF4B-00C04F79EFBC}") = "SIPEFUploader", "SIPEFUploader\SIPEFUploader.csproj", "{0CC072CF-12B9-476B-A94F-BE3E069C3AE1}"
EndProject
Global
	GlobalSection(SolutionConfigurationPlatforms) = preSolution
		Debug|Any CPU = Debug|Any CPU
		Release|Any CPU = Release|Any CPU
	EndGlobalSection
	GlobalSection(ProjectConfigurationPlatforms) = postSolution
		{0CC072CF-12B9-476B-A94F-BE3E069C3AE1}.Debug|Any CPU.ActiveCfg = Debug|Any CPU
		{0CC072CF-12B9-476B-A94F-BE3E069C3AE1}.Debug|Any CPU.Build.0 = Debug|Any CPU
		{0CC072CF-12B9-476B-A94F-BE3E069C3AE1}.Release|Any CPU.ActiveCfg = Release|Any CPU
		{0CC072CF-12B9-476B-A94F-BE3E069C3AE1}.Release|Any CPU.Build.0 = Release|Any CPU
	EndGlobalSection
	GlobalSection(SolutionProperties) = preSolution
		HideSolutionNode = FALSE
	EndGlobalSection
	GlobalSection(ExtensibilityGlobals) = postSolution
		SolutionGuid = {D8095A9E-0A02-4EE3-A552-6E0717D5C486}
	EndGlobalSection
EndGlobal
